
Microsoft Visual Studio Solution File, Format Version 12.00
Project("{FAE04EC0-301F-11D3-BF4B-00C04F79EFBC}") = "StreamOverlay", "StreamOverlay\StreamOverlay.csproj", "{2F92AF8A-CB9B-4FAE-9FFF-B1B064E5E71A}"
EndProject
Global
	GlobalSection(SolutionConfigurationPlatforms) = preSolution
		Debug|Any CPU = Debug|Any CPU
		Release|Any CPU = Release|Any CPU
	EndGlobalSection
	GlobalSection(ProjectConfigurationPlatforms) = postSolution
		{2F92AF8A-CB9B-4FAE-9FFF-B1B064E5E71A}.Debug|Any CPU.ActiveCfg = Debug|Any CPU
		{2F92AF8A-CB9B-4FAE-9FFF-B1B064E5E71A}.Debug|Any CPU.Build.0 = Debug|Any CPU
		{2F92AF8A-CB9B-4FAE-9FFF-B1B064E5E71A}.Release|Any CPU.ActiveCfg = Release|Any CPU
		{2F92AF8A-CB9B-4FAE-9FFF-B1B064E5E71A}.Release|Any CPU.Build.0 = Release|Any CPU
	EndGlobalSection
EndGlobal
